
Microsoft Visual Studio Solution File, Format Version 12.00
# Visual Studio 14
VisualStudioVersion = 14.0.25420.1
MinimumVisualStudioVersion = 10.0.40219.1
Project("{FAE04EC0-301F-11D3-BF4B-00C04F79EFBC}") = "LabSQL", "LabSQL\LabSQL.csproj", "{8631B02C-9C93-4056-B063-5A73E29A92A6}"
EndProject
Project("{FAE04EC0-301F-11D3-BF4B-00C04F79EFBC}") = "Resources", "Resources\Resources.csproj", "{0C988384-0FB1-4B85-8250-A48234274C1C}"
EndProject
Global
	GlobalSection(SolutionConfigurationPlatforms) = preSolution
		Debug|Any CPU = Debug|Any CPU
		Release|Any CPU = Release|Any CPU
	EndGlobalSection
	GlobalSection(ProjectConfigurationPlatforms) = postSolution
		{8631B02C-9C93-4056-B063-5A73E29A92A6}.Debug|Any CPU.ActiveCfg = Debug|Any CPU
		{8631B02C-9C93-4056-B063-5A73E29A92A6}.Debug|Any CPU.Build.0 = Debug|Any CPU
		{8631B02C-9C93-4056-B063-5A73E29A92A6}.Release|Any CPU.ActiveCfg = Release|Any CPU
		{8631B02C-9C93-4056-B063-5A73E29A92A6}.Release|Any CPU.Build.0 = Release|Any CPU
		{0C988384-0FB1-4B85-8250-A48234274C1C}.Debug|Any CPU.ActiveCfg = Debug|Any CPU
		{0C988384-0FB1-4B85-8250-A48234274C1C}.Release|Any CPU.ActiveCfg = Release|Any CPU
		{0C988384-0FB1-4B85-8250-A48234274C1C}.Release|Any CPU.Build.0 = Release|Any CPU
	EndGlobalSection
	GlobalSection(SolutionProperties) = preSolution
		HideSolutionNode = FALSE
	EndGlobalSection
EndGlobal
