
Microsoft Visual Studio Solution File, Format Version 12.00
# Visual Studio 15
VisualStudioVersion = 15.0.27703.2042
MinimumVisualStudioVersion = 10.0.40219.1
Project("{FAE04EC0-301F-11D3-BF4B-00C04F79EFBC}") = "SpreadsheetGUI", "SpreadsheetGUI\SpreadsheetGUI.csproj", "{5877EEBD-06F3-4E6F-8028-2DB228284479}"
EndProject
Project("{FAE04EC0-301F-11D3-BF4B-00C04F79EFBC}") = "Resources", "Resources\Resources.csproj", "{3842FA79-FDF9-4A39-9486-33B1B68C7EA1}"
EndProject
Project("{2150E333-8FDC-42A3-9474-1A3956D46DE8}") = "Solution Items", "Solution Items", "{FA4E5D61-DBB0-4A92-80D2-CA93E0264456}"
	ProjectSection(SolutionItems) = preProject
		ReadMe.txt = ReadMe.txt
	EndProjectSection
EndProject
Global
	GlobalSection(SolutionConfigurationPlatforms) = preSolution
		Debug|Any CPU = Debug|Any CPU
		Release|Any CPU = Release|Any CPU
	EndGlobalSection
	GlobalSection(ProjectConfigurationPlatforms) = postSolution
		{5877EEBD-06F3-4E6F-8028-2DB228284479}.Debug|Any CPU.ActiveCfg = Debug|Any CPU
		{5877EEBD-06F3-4E6F-8028-2DB228284479}.Debug|Any CPU.Build.0 = Debug|Any CPU
		{5877EEBD-06F3-4E6F-8028-2DB228284479}.Release|Any CPU.ActiveCfg = Release|Any CPU
		{5877EEBD-06F3-4E6F-8028-2DB228284479}.Release|Any CPU.Build.0 = Release|Any CPU
		{3842FA79-FDF9-4A39-9486-33B1B68C7EA1}.Debug|Any CPU.ActiveCfg = Debug|Any CPU
		{3842FA79-FDF9-4A39-9486-33B1B68C7EA1}.Release|Any CPU.ActiveCfg = Release|Any CPU
	EndGlobalSection
	GlobalSection(SolutionProperties) = preSolution
		HideSolutionNode = FALSE
	EndGlobalSection
	GlobalSection(ExtensibilityGlobals) = postSolution
		SolutionGuid = {7F77283E-A258-48E0-A474-264B15DCEDFE}
	EndGlobalSection
EndGlobal
